// !$*UTF8*$!
{
	archiveVersion = 1;
	classes = {
	};
	objectVersion = 46;
	objects = {

/* Begin PBXBuildFile section */
		57AD206E19F5EFB900A64E03 /* AppDelegate.swift in Sources */ = {isa = PBXBuildFile; fileRef = 57AD206D19F5EFB900A64E03 /* AppDelegate.swift */; };
		57AD207019F5EFB900A64E03 /* FirstViewController.swift in Sources */ = {isa = PBXBuildFile; fileRef = 57AD206F19F5EFB900A64E03 /* FirstViewController.swift */; };
		57AD207219F5EFB900A64E03 /* SecondViewController.swift in Sources */ = {isa = PBXBuildFile; fileRef = 57AD207119F5EFB900A64E03 /* SecondViewController.swift */; };
		57AD207519F5EFB900A64E03 /* Main.storyboard in Resources */ = {isa = PBXBuildFile; fileRef = 57AD207319F5EFB900A64E03 /* Main.storyboard */; };
		57AD207719F5EFB900A64E03 /* Images.xcassets in Resources */ = {isa = PBXBuildFile; fileRef = 57AD207619F5EFB900A64E03 /* Images.xcassets */; };
		57AD207A19F5EFB900A64E03 /* LaunchScreen.xib in Resources */ = {isa = PBXBuildFile; fileRef = 57AD207819F5EFB900A64E03 /* LaunchScreen.xib */; };
		57AD208619F5EFB900A64E03 /* do_toTests.swift in Sources */ = {isa = PBXBuildFile; fileRef = 57AD208519F5EFB900A64E03 /* do_toTests.swift */; };
/* End PBXBuildFile section */

/* Begin PBXContainerItemProxy section */
		57AD208019F5EFB900A64E03 /* PBXContainerItemProxy */ = {
			isa = PBXContainerItemProxy;
			containerPortal = 57AD206019F5EFB900A64E03 /* Project object */;
			proxyType = 1;
			remoteGlobalIDString = 57AD206719F5EFB900A64E03;
			remoteInfo = "do to";
		};
/* End PBXContainerItemProxy section */

/* Begin PBXFileReference section */
		57AD206819F5EFB900A64E03 /* do to.app */ = {isa = PBXFileReference; explicitFileType = wrapper.application; includeInIndex = 0; path = "do to.app"; sourceTree = BUILT_PRODUCTS_DIR; };
		57AD206C19F5EFB900A64E03 /* Info.plist */ = {isa = PBXFileReference; lastKnownFileType = text.plist.xml; path = Info.plist; sourceTree = "<group>"; };
		57AD206D19F5EFB900A64E03 /* AppDelegate.swift */ = {isa = PBXFileReference; lastKnownFileType = sourcecode.swift; path = AppDelegate.swift; sourceTree = "<group>"; };
		57AD206F19F5EFB900A64E03 /* FirstViewController.swift */ = {isa = PBXFileReference; lastKnownFileType = sourcecode.swift; path = FirstViewController.swift; sourceTree = "<group>"; };
		57AD207119F5EFB900A64E03 /* SecondViewController.swift */ = {isa = PBXFileReference; lastKnownFileType = sourcecode.swift; path = SecondViewController.swift; sourceTree = "<group>"; };
		57AD207419F5EFB900A64E03 /* Base */ = {isa = PBXFileReference; lastKnownFileType = file.storyboard; name = Base; path = Base.lproj/Main.storyboard; sourceTree = "<group>"; };
		57AD207619F5EFB900A64E03 /* Images.xcassets */ = {isa = PBXFileReference; lastKnownFileType = folder.assetcatalog; path = Images.xcassets; sourceTree = "<group>"; };
		57AD207919F5EFB900A64E03 /* Base */ = {isa = PBXFileReference; lastKnownFileType = file.xib; name = Base; path = Base.lproj/LaunchScreen.xib; sourceTree = "<group>"; };
		57AD207F19F5EFB900A64E03 /* do toTests.xctest */ = {isa = PBXFileReference; explicitFileType = wrapper.cfbundle; includeInIndex = 0; path = "do toTests.xctest"; sourceTree = BUILT_PRODUCTS_DIR; };
		57AD208419F5EFB900A64E03 /* Info.plist */ = {isa = PBXFileReference; lastKnownFileType = text.plist.xml; path = Info.plist; sourceTree = "<group>"; };
		57AD208519F5EFB900A64E03 /* do_toTests.swift */ = {isa = PBXFileReference; lastKnownFileType = sourcecode.swift; path = do_toTests.swift; sourceTree = "<group>"; };
/* End PBXFileReference section */

/* Begin PBXFrameworksBuildPhase section */
		57AD206519F5EFB900A64E03 /* Frameworks */ = {
			isa = PBXFrameworksBuildPhase;
			buildActionMask = 2147483647;
			files = (
			);
			runOnlyForDeploymentPostprocessing = 0;
		};
		57AD207C19F5EFB900A64E03 /* Frameworks */ = {
			isa = PBXFrameworksBuildPhase;
			buildActionMask = 2147483647;
			files = (
			);
			runOnlyForDeploymentPostprocessing = 0;
		};
/* End PBXFrameworksBuildPhase section */

/* Begin PBXGroup section */
		57AD205F19F5EFB900A64E03 = {
			isa = PBXGroup;
			children = (
				57AD206A19F5EFB900A64E03 /* do to */,
				57AD208219F5EFB900A64E03 /* do toTests */,
				57AD206919F5EFB900A64E03 /* Products */,
			);
			sourceTree = "<group>";
		};
		57AD206919F5EFB900A64E03 /* Products */ = {
			isa = PBXGroup;
			children = (
				57AD206819F5EFB900A64E03 /* do to.app */,
				57AD207F19F5EFB900A64E03 /* do toTests.xctest */,
			);
			name = Products;
			sourceTree = "<group>";
		};
		57AD206A19F5EFB900A64E03 /* do to */ = {
			isa = PBXGroup;
			children = (
				57AD206D19F5EFB900A64E03 /* AppDelegate.swift */,
				57AD206F19F5EFB900A64E03 /* FirstViewController.swift */,
				57AD207119F5EFB900A64E03 /* SecondViewController.swift */,
				57AD207319F5EFB900A64E03 /* Main.storyboard */,
				57AD207619F5EFB900A64E03 /* Images.xcassets */,
				57AD207819F5EFB900A64E03 /* LaunchScreen.xib */,
				57AD206B19F5EFB900A64E03 /* Supporting Files */,
			);
			path = "do to";
			sourceTree = "<group>";
		};
		57AD206B19F5EFB900A64E03 /* Supporting Files */ = {
			isa = PBXGroup;
			children = (
				57AD206C19F5EFB900A64E03 /* Info.plist */,
			);
			name = "Supporting Files";
			sourceTree = "<group>";
		};
		57AD208219F5EFB900A64E03 /* do toTests */ = {
			isa = PBXGroup;
			children = (
				57AD208519F5EFB900A64E03 /* do_toTests.swift */,
				57AD208319F5EFB900A64E03 /* Supporting Files */,
			);
			path = "do toTests";
			sourceTree = "<group>";
		};
		57AD208319F5EFB900A64E03 /* Supporting Files */ = {
			isa = PBXGroup;
			children = (
				57AD208419F5EFB900A64E03 /* Info.plist */,
			);
			name = "Supporting Files";
			sourceTree = "<group>";
		};
/* End PBXGroup section */

/* Begin PBXNativeTarget section */
		57AD206719F5EFB900A64E03 /* do to */ = {
			isa = PBXNativeTarget;
			buildConfigurationList = 57AD208919F5EFB900A64E03 /* Build configuration list for PBXNativeTarget "do to" */;
			buildPhases = (
				57AD206419F5EFB900A64E03 /* Sources */,
				57AD206519F5EFB900A64E03 /* Frameworks */,
				57AD206619F5EFB900A64E03 /* Resources */,
			);
			buildRules = (
			);
			dependencies = (
			);
			name = "do to";
			productName = "do to";
			productReference = 57AD206819F5EFB900A64E03 /* do to.app */;
			productType = "com.apple.product-type.application";
		};
		57AD207E19F5EFB900A64E03 /* do toTests */ = {
			isa = PBXNativeTarget;
			buildConfigurationList = 57AD208C19F5EFB900A64E03 /* Build configuration list for PBXNativeTarget "do toTests" */;
			buildPhases = (
				57AD207B19F5EFB900A64E03 /* Sources */,
				57AD207C19F5EFB900A64E03 /* Frameworks */,
				57AD207D19F5EFB900A64E03 /* Resources */,
			);
			buildRules = (
			);
			dependencies = (
				57AD208119F5EFB900A64E03 /* PBXTargetDependency */,
			);
			name = "do toTests";
			productName = "do toTests";
			productReference = 57AD207F19F5EFB900A64E03 /* do toTests.xctest */;
			productType = "com.apple.product-type.bundle.unit-test";
		};
/* End PBXNativeTarget section */

/* Begin PBXProject section */
		57AD206019F5EFB900A64E03 /* Project object */ = {
			isa = PBXProject;
			attributes = {
				LastUpgradeCheck = 0600;
				ORGANIZATIONNAME = matthewchess;
				TargetAttributes = {
					57AD206719F5EFB900A64E03 = {
						CreatedOnToolsVersion = 6.0;
					};
					57AD207E19F5EFB900A64E03 = {
						CreatedOnToolsVersion = 6.0;
						TestTargetID = 57AD206719F5EFB900A64E03;
					};
				};
			};
			buildConfigurationList = 57AD206319F5EFB900A64E03 /* Build configuration list for PBXProject "do to" */;
			compatibilityVersion = "Xcode 3.2";
			developmentRegion = English;
			hasScannedForEncodings = 0;
			knownRegions = (
				en,
				Base,
			);
			mainGroup = 57AD205F19F5EFB900A64E03;
			productRefGroup = 57AD206919F5EFB900A64E03 /* Products */;
			projectDirPath = "";
			projectRoot = "";
			targets = (
				57AD206719F5EFB900A64E03 /* do to */,
				57AD207E19F5EFB900A64E03 /* do toTests */,
			);
		};
/* End PBXProject section */

/* Begin PBXResourcesBuildPhase section */
		57AD206619F5EFB900A64E03 /* Resources */ = {
			isa = PBXResourcesBuildPhase;
			buildActionMask = 2147483647;
			files = (
				57AD207519F5EFB900A64E03 /* Main.storyboard in Resources */,
				57AD207A19F5EFB900A64E03 /* LaunchScreen.xib in Resources */,
				57AD207719F5EFB900A64E03 /* Images.xcassets in Resources */,
			);
			runOnlyForDeploymentPostprocessing = 0;
		};
		57AD207D19F5EFB900A64E03 /* Resources */ = {
			isa = PBXResourcesBuildPhase;
			buildActionMask = 2147483647;
			files = (
			);
			runOnlyForDeploymentPostprocessing = 0;
		};
/* End PBXResourcesBuildPhase section */

/* Begin PBXSourcesBuildPhase section */
		57AD206419F5EFB900A64E03 /* Sources */ = {
			isa = PBXSourcesBuildPhase;
			buildActionMask = 2147483647;
			files = (
				57AD207219F5EFB900A64E03 /* SecondViewController.swift in Sources */,
				57AD206E19F5EFB900A64E03 /* AppDelegate.swift in Sources */,
				57AD207019F5EFB900A64E03 /* FirstViewController.swift in Sources */,
			);
			runOnlyForDeploymentPostprocessing = 0;
		};
		57AD207B19F5EFB900A64E03 /* Sources */ = {
			isa = PBXSourcesBuildPhase;
			buildActionMask = 2147483647;
			files = (
				57AD208619F5EFB900A64E03 /* do_toTests.swift in Sources */,
			);
			runOnlyForDeploymentPostprocessing = 0;
		};
/* End PBXSourcesBuildPhase section */

/* Begin PBXTargetDependency section */
		57AD208119F5EFB900A64E03 /* PBXTargetDependency */ = {
			isa = PBXTargetDependency;
			target = 57AD206719F5EFB900A64E03 /* do to */;
			targetProxy = 57AD208019F5EFB900A64E03 /* PBXContainerItemProxy */;
		};
/* End PBXTargetDependency section */

/* Begin PBXVariantGroup section */
		57AD207319F5EFB900A64E03 /* Main.storyboard */ = {
			isa = PBXVariantGroup;
			children = (
				57AD207419F5EFB900A64E03 /* Base */,
			);
			name = Main.storyboard;
			sourceTree = "<group>";
		};
		57AD207819F5EFB900A64E03 /* LaunchScreen.xib */ = {
			isa = PBXVariantGroup;
			children = (
				57AD207919F5EFB900A64E03 /* Base */,
			);
			name = LaunchScreen.xib;
			sourceTree = "<group>";
		};
/* End PBXVariantGroup section */

/* Begin XCBuildConfiguration section */
		57AD208719F5EFB900A64E03 /* Debug */ = {
			isa = XCBuildConfiguration;
			buildSettings = {
				ALWAYS_SEARCH_USER_PATHS = NO;
				CLANG_CXX_LANGUAGE_STANDARD = "gnu++0x";
				CLANG_CXX_LIBRARY = "libc++";
				CLANG_ENABLE_MODULES = YES;
				CLANG_ENABLE_OBJC_ARC = YES;
				CLANG_WARN_BOOL_CONVERSION = YES;
				CLANG_WARN_CONSTANT_CONVERSION = YES;
				CLANG_WARN_DIRECT_OBJC_ISA_USAGE = YES_ERROR;
				CLANG_WARN_EMPTY_BODY = YES;
				CLANG_WARN_ENUM_CONVERSION = YES;
				CLANG_WARN_INT_CONVERSION = YES;
				CLANG_WARN_OBJC_ROOT_CLASS = YES_ERROR;
				CLANG_WARN_UNREACHABLE_CODE = YES;
				CLANG_WARN__DUPLICATE_METHOD_MATCH = YES;
				"CODE_SIGN_IDENTITY[sdk=iphoneos*]" = "iPhone Developer";
				COPY_PHASE_STRIP = NO;
				ENABLE_STRICT_OBJC_MSGSEND = YES;
				GCC_C_LANGUAGE_STANDARD = gnu99;
				GCC_DYNAMIC_NO_PIC = NO;
				GCC_OPTIMIZATION_LEVEL = 0;
				GCC_PREPROCESSOR_DEFINITIONS = (
					"DEBUG=1",
					"$(inherited)",
				);
				GCC_SYMBOLS_PRIVATE_EXTERN = NO;
				GCC_WARN_64_TO_32_BIT_CONVERSION = YES;
				GCC_WARN_ABOUT_RETURN_TYPE = YES_ERROR;
				GCC_WARN_UNDECLARED_SELECTOR = YES;
				GCC_WARN_UNINITIALIZED_AUTOS = YES_AGGRESSIVE;
				GCC_WARN_UNUSED_FUNCTION = YES;
				GCC_WARN_UNUSED_VARIABLE = YES;
				IPHONEOS_DEPLOYMENT_TARGET = 8.0;
				MTL_ENABLE_DEBUG_INFO = YES;
				ONLY_ACTIVE_ARCH = YES;
				SDKROOT = iphoneos;
				SWIFT_OPTIMIZATION_LEVEL = "-Onone";
			};
			name = Debug;
		};
		57AD208819F5EFB900A64E03 /* Release */ = {
			isa = XCBuildConfiguration;
			buildSettings = {
				ALWAYS_SEARCH_USER_PATHS = NO;
				CLANG_CXX_LANGUAGE_STANDARD = "gnu++0x";
				CLANG_CXX_LIBRARY = "libc++";
				CLANG_ENABLE_MODULES = YES;
				CLANG_ENABLE_OBJC_ARC = YES;
				CLANG_WARN_BOOL_CONVERSION = YES;
				CLANG_WARN_CONSTANT_CONVERSION = YES;
				CLANG_WARN_DIRECT_OBJC_ISA_USAGE = YES_ERROR;
				CLANG_WARN_EMPTY_BODY = YES;
				CLANG_WARN_ENUM_CONVERSION = YES;
				CLANG_WARN_INT_CONVERSION = YES;
				CLANG_WARN_OBJC_ROOT_CLASS = YES_ERROR;
				CLANG_WARN_UNREACHABLE_CODE = YES;
				CLANG_WARN__DUPLICATE_METHOD_MATCH = YES;
				"CODE_SIGN_IDENTITY[sdk=iphoneos*]" = "iPhone Developer";
				COPY_PHASE_STRIP = YES;
				ENABLE_NS_ASSERTIONS = NO;
				ENABLE_STRICT_OBJC_MSGSEND = YES;
				GCC_C_LANGUAGE_STANDARD = gnu99;
				GCC_WARN_64_TO_32_BIT_CONVERSION = YES;
				GCC_WARN_ABOUT_RETURN_TYPE = YES_ERROR;
				GCC_WARN_UNDECLARED_SELECTOR = YES;
				GCC_WARN_UNINITIALIZED_AUTOS = YES_AGGRESSIVE;
				GCC_WARN_UNUSED_FUNCTION = YES;
				GCC_WARN_UNUSED_VARIABLE = YES;
				IPHONEOS_DEPLOYMENT_TARGET = 8.0;
				MTL_ENABLE_DEBUG_INFO = NO;
				SDKROOT = iphoneos;
				VALIDATE_PRODUCT = YES;
			};
			name = Release;
		};
		57AD208A19F5EFB900A64E03 /* Debug */ = {
			isa = XCBuildConfiguration;
			buildSettings = {
				ASSETCATALOG_COMPILER_APPICON_NAME = AppIcon;
				INFOPLIST_FILE = "do to/Info.plist";
				LD_RUNPATH_SEARCH_PATHS = "$(inherited) @executable_path/Frameworks";
				PRODUCT_NAME = "$(TARGET_NAME)";
			};
			name = Debug;
		};
		57AD208B19F5EFB900A64E03 /* Release */ = {
			isa = XCBuildConfiguration;
			buildSettings = {
				ASSETCATALOG_COMPILER_APPICON_NAME = AppIcon;
				INFOPLIST_FILE = "do to/Info.plist";
				LD_RUNPATH_SEARCH_PATHS = "$(inherited) @executable_path/Frameworks";
				PRODUCT_NAME = "$(TARGET_NAME)";
			};
			name = Release;
		};
		57AD208D19F5EFB900A64E03 /* Debug */ = {
			isa = XCBuildConfiguration;
			buildSettings = {
				BUNDLE_LOADER = "$(TEST_HOST)";
				FRAMEWORK_SEARCH_PATHS = (
					"$(SDKROOT)/Developer/Library/Frameworks",
					"$(inherited)",
				);
				GCC_PREPROCESSOR_DEFINITIONS = (
					"DEBUG=1",
					"$(inherited)",
				);
				INFOPLIST_FILE = "do toTests/Info.plist";
				LD_RUNPATH_SEARCH_PATHS = "$(inherited) @executable_path/Frameworks @loader_path/Frameworks";
				PRODUCT_NAME = "$(TARGET_NAME)";
				TEST_HOST = "$(BUILT_PRODUCTS_DIR)/do to.app/do to";
			};
			name = Debug;
		};
		57AD208E19F5EFB900A64E03 /* Release */ = {
			isa = XCBuildConfiguration;
			buildSettings = {
				BUNDLE_LOADER = "$(TEST_HOST)";
				FRAMEWORK_SEARCH_PATHS = (
					"$(SDKROOT)/Developer/Library/Frameworks",
					"$(inherited)",
				);
				INFOPLIST_FILE = "do toTests/Info.plist";
				LD_RUNPATH_SEARCH_PATHS = "$(inherited) @executable_path/Frameworks @loader_path/Frameworks";
				PRODUCT_NAME = "$(TARGET_NAME)";
				TEST_HOST = "$(BUILT_PRODUCTS_DIR)/do to.app/do to";
			};
			name = Release;
		};
/* End XCBuildConfiguration section */

/* Begin XCConfigurationList section */
		57AD206319F5EFB900A64E03 /* Build configuration list for PBXProject "do to" */ = {
			isa = XCConfigurationList;
			buildConfigurations = (
				57AD208719F5EFB900A64E03 /* Debug */,
				57AD208819F5EFB900A64E03 /* Release */,
			);
			defaultConfigurationIsVisible = 0;
			defaultConfigurationName = Release;
		};
		57AD208919F5EFB900A64E03 /* Build configuration list for PBXNativeTarget "do to" */ = {
			isa = XCConfigurationList;
			buildConfigurations = (
				57AD208A19F5EFB900A64E03 /* Debug */,
				57AD208B19F5EFB900A64E03 /* Release */,
			);
			defaultConfigurationIsVisible = 0;
		};
		57AD208C19F5EFB900A64E03 /* Build configuration list for PBXNativeTarget "do toTests" */ = {
			isa = XCConfigurationList;
			buildConfigurations = (
				57AD208D19F5EFB900A64E03 /* Debug */,
				57AD208E19F5EFB900A64E03 /* Release */,
			);
			defaultConfigurationIsVisible = 0;
		};
/* End XCConfigurationList section */
	};
	rootObject = 57AD206019F5EFB900A64E03 /* Project object */;
}
